
Microsoft Visual Studio Solution File, Format Version 12.00
# Visual Studio Version 17
VisualStudioVersion = 17.13.35818.85 d17.13
MinimumVisualStudioVersion = 10.0.40219.1
Project("{FAE04EC0-301F-11D3-BF4B-00C04F79EFBC}") = "tpmodul4_103022300101", "tpmodul4_103022300101\tpmodul4_103022300101.csproj", "{3B5125E4-9A47-4402-93D3-D8EE8EB4CC42}"
EndProject
Global
	GlobalSection(SolutionConfigurationPlatforms) = preSolution
		Debug|Any CPU = Debug|Any CPU
		Release|Any CPU = Release|Any CPU
	EndGlobalSection
	GlobalSection(ProjectConfigurationPlatforms) = postSolution
		{3B5125E4-9A47-4402-93D3-D8EE8EB4CC42}.Debug|Any CPU.ActiveCfg = Debug|Any CPU
		{3B5125E4-9A47-4402-93D3-D8EE8EB4CC42}.Debug|Any CPU.Build.0 = Debug|Any CPU
		{3B5125E4-9A47-4402-93D3-D8EE8EB4CC42}.Release|Any CPU.ActiveCfg = Release|Any CPU
		{3B5125E4-9A47-4402-93D3-D8EE8EB4CC42}.Release|Any CPU.Build.0 = Release|Any CPU
	EndGlobalSection
	GlobalSection(SolutionProperties) = preSolution
		HideSolutionNode = FALSE
	EndGlobalSection
	GlobalSection(ExtensibilityGlobals) = postSolution
		SolutionGuid = {5EF001B6-366C-4F46-9CD7-AC163C8F0922}
	EndGlobalSection
EndGlobal
